
Microsoft Visual Studio Solution File, Format Version 12.00
# Visual Studio Version 17
VisualStudioVersion = 17.11.35208.52
MinimumVisualStudioVersion = 10.0.40219.1
Project("{2150E333-8FDC-42A3-9474-1A3956D46DE8}") = "Services", "Services", "{38C241CE-998F-44E0-8E59-60E942F61C99}"
EndProject
Project("{2150E333-8FDC-42A3-9474-1A3956D46DE8}") = "Catalog", "Catalog", "{F74DF741-B011-4CD2-80DE-6A17CDD46FDE}"
EndProject
Project("{FAE04EC0-301F-11D3-BF4B-00C04F79EFBC}") = "Catalog.API", "Services\Catalog\Catalog.API\Catalog.API.csproj", "{87930A2C-6AF4-4203-8649-EC209703DE85}"
EndProject
Project("{2150E333-8FDC-42A3-9474-1A3956D46DE8}") = "BuildingBlocks", "BuildingBlocks", "{02EA681E-C7D8-13C7-8484-4AC65E1B71E8}"
EndProject
Project("{FAE04EC0-301F-11D3-BF4B-00C04F79EFBC}") = "BuildingBlocks", "BuildingBlocks\BuildingBlocks\BuildingBlocks.csproj", "{15734F46-3DD8-4F47-B68B-65FB74BD1B44}"
EndProject
Project("{E53339B2-1760-4266-BCC7-CA923CBCF16C}") = "docker-compose", "docker-compose.dcproj", "{81DDED9D-158B-E303-5F62-77A2896D2A5A}"
EndProject
Project("{2150E333-8FDC-42A3-9474-1A3956D46DE8}") = "Basket", "Basket", "{80905E34-13C0-4BDD-9AB4-C7C001D4BDA9}"
EndProject
Project("{FAE04EC0-301F-11D3-BF4B-00C04F79EFBC}") = "Basket.API", "Services\Basket\Basket.API\Basket.API.csproj", "{0C880D4D-DD06-4312-B07A-85FD7E4ADE88}"
EndProject
Project("{2150E333-8FDC-42A3-9474-1A3956D46DE8}") = "Discount", "Discount", "{4B300DCB-7732-44F5-9BF4-1F9CFCBF2DA9}"
EndProject
Project("{FAE04EC0-301F-11D3-BF4B-00C04F79EFBC}") = "Discount.gRPC", "Services\Discount\Discount.gRPC\Discount.gRPC.csproj", "{8FEF1B52-1EB0-40EC-9923-DC16758EC89C}"
EndProject
Project("{2150E333-8FDC-42A3-9474-1A3956D46DE8}") = "Ordering", "Ordering", "{A83ADEEC-BE75-4415-82A3-852661E45C19}"
EndProject
Project("{FAE04EC0-301F-11D3-BF4B-00C04F79EFBC}") = "Ordering.API", "Services\Ordering\Ordering.API\Ordering.API.csproj", "{587BF8FB-E150-49D2-BC67-FE2BD91AD891}"
EndProject
Project("{FAE04EC0-301F-11D3-BF4B-00C04F79EFBC}") = "Ordering.Domain", "Services\Ordering\Ordering.Domain\Ordering.Domain.csproj", "{2925E1F7-4391-4473-AE5F-704555838CDD}"
EndProject
Project("{FAE04EC0-301F-11D3-BF4B-00C04F79EFBC}") = "Ordering.Application", "Services\Ordering\Ordering.Application\Ordering.Application.csproj", "{3945664F-FE3B-4336-9317-DCE21129B1B5}"
EndProject
Project("{FAE04EC0-301F-11D3-BF4B-00C04F79EFBC}") = "Ordering.Infrastructure", "Services\Ordering\Ordering.Infrastructure\Ordering.Infrastructure.csproj", "{DA6123A5-FB0E-41F8-B34E-AD984A67BE59}"
EndProject
Project("{FAE04EC0-301F-11D3-BF4B-00C04F79EFBC}") = "BuildingBlock.Messaging", "BuildingBlocks\BuildingBlock.Messaging\BuildingBlock.Messaging.csproj", "{1F689B19-E9A1-4A65-BA57-4CD869CBBE42}"
EndProject
Global
	GlobalSection(SolutionConfigurationPlatforms) = preSolution
		Debug|Any CPU = Debug|Any CPU
		Release|Any CPU = Release|Any CPU
	EndGlobalSection
	GlobalSection(ProjectConfigurationPlatforms) = postSolution
		{87930A2C-6AF4-4203-8649-EC209703DE85}.Debug|Any CPU.ActiveCfg = Debug|Any CPU
		{87930A2C-6AF4-4203-8649-EC209703DE85}.Release|Any CPU.ActiveCfg = Release|Any CPU
		{87930A2C-6AF4-4203-8649-EC209703DE85}.Release|Any CPU.Build.0 = Release|Any CPU
		{15734F46-3DD8-4F47-B68B-65FB74BD1B44}.Debug|Any CPU.ActiveCfg = Debug|Any CPU
		{15734F46-3DD8-4F47-B68B-65FB74BD1B44}.Release|Any CPU.ActiveCfg = Release|Any CPU
		{15734F46-3DD8-4F47-B68B-65FB74BD1B44}.Release|Any CPU.Build.0 = Release|Any CPU
		{81DDED9D-158B-E303-5F62-77A2896D2A5A}.Debug|Any CPU.ActiveCfg = Debug|Any CPU
		{81DDED9D-158B-E303-5F62-77A2896D2A5A}.Release|Any CPU.ActiveCfg = Release|Any CPU
		{81DDED9D-158B-E303-5F62-77A2896D2A5A}.Release|Any CPU.Build.0 = Release|Any CPU
		{0C880D4D-DD06-4312-B07A-85FD7E4ADE88}.Debug|Any CPU.ActiveCfg = Debug|Any CPU
		{0C880D4D-DD06-4312-B07A-85FD7E4ADE88}.Debug|Any CPU.Build.0 = Debug|Any CPU
		{0C880D4D-DD06-4312-B07A-85FD7E4ADE88}.Release|Any CPU.ActiveCfg = Release|Any CPU
		{0C880D4D-DD06-4312-B07A-85FD7E4ADE88}.Release|Any CPU.Build.0 = Release|Any CPU
		{8FEF1B52-1EB0-40EC-9923-DC16758EC89C}.Debug|Any CPU.ActiveCfg = Debug|Any CPU
		{8FEF1B52-1EB0-40EC-9923-DC16758EC89C}.Debug|Any CPU.Build.0 = Debug|Any CPU
		{8FEF1B52-1EB0-40EC-9923-DC16758EC89C}.Release|Any CPU.ActiveCfg = Release|Any CPU
		{8FEF1B52-1EB0-40EC-9923-DC16758EC89C}.Release|Any CPU.Build.0 = Release|Any CPU
		{587BF8FB-E150-49D2-BC67-FE2BD91AD891}.Debug|Any CPU.ActiveCfg = Debug|Any CPU
		{587BF8FB-E150-49D2-BC67-FE2BD91AD891}.Debug|Any CPU.Build.0 = Debug|Any CPU
		{587BF8FB-E150-49D2-BC67-FE2BD91AD891}.Release|Any CPU.ActiveCfg = Release|Any CPU
		{587BF8FB-E150-49D2-BC67-FE2BD91AD891}.Release|Any CPU.Build.0 = Release|Any CPU
		{2925E1F7-4391-4473-AE5F-704555838CDD}.Debug|Any CPU.ActiveCfg = Debug|Any CPU
		{2925E1F7-4391-4473-AE5F-704555838CDD}.Release|Any CPU.ActiveCfg = Release|Any CPU
		{2925E1F7-4391-4473-AE5F-704555838CDD}.Release|Any CPU.Build.0 = Release|Any CPU
		{3945664F-FE3B-4336-9317-DCE21129B1B5}.Debug|Any CPU.ActiveCfg = Debug|Any CPU
		{3945664F-FE3B-4336-9317-DCE21129B1B5}.Release|Any CPU.ActiveCfg = Release|Any CPU
		{3945664F-FE3B-4336-9317-DCE21129B1B5}.Release|Any CPU.Build.0 = Release|Any CPU
		{DA6123A5-FB0E-41F8-B34E-AD984A67BE59}.Debug|Any CPU.ActiveCfg = Debug|Any CPU
		{DA6123A5-FB0E-41F8-B34E-AD984A67BE59}.Release|Any CPU.ActiveCfg = Release|Any CPU
		{DA6123A5-FB0E-41F8-B34E-AD984A67BE59}.Release|Any CPU.Build.0 = Release|Any CPU
		{1F689B19-E9A1-4A65-BA57-4CD869CBBE42}.Debug|Any CPU.ActiveCfg = Debug|Any CPU
		{1F689B19-E9A1-4A65-BA57-4CD869CBBE42}.Release|Any CPU.ActiveCfg = Release|Any CPU
		{1F689B19-E9A1-4A65-BA57-4CD869CBBE42}.Release|Any CPU.Build.0 = Release|Any CPU
	EndGlobalSection
	GlobalSection(SolutionProperties) = preSolution
		HideSolutionNode = FALSE
	EndGlobalSection
	GlobalSection(NestedProjects) = preSolution
		{F74DF741-B011-4CD2-80DE-6A17CDD46FDE} = {38C241CE-998F-44E0-8E59-60E942F61C99}
		{87930A2C-6AF4-4203-8649-EC209703DE85} = {F74DF741-B011-4CD2-80DE-6A17CDD46FDE}
		{15734F46-3DD8-4F47-B68B-65FB74BD1B44} = {02EA681E-C7D8-13C7-8484-4AC65E1B71E8}
		{80905E34-13C0-4BDD-9AB4-C7C001D4BDA9} = {38C241CE-998F-44E0-8E59-60E942F61C99}
		{0C880D4D-DD06-4312-B07A-85FD7E4ADE88} = {80905E34-13C0-4BDD-9AB4-C7C001D4BDA9}
		{4B300DCB-7732-44F5-9BF4-1F9CFCBF2DA9} = {38C241CE-998F-44E0-8E59-60E942F61C99}
		{8FEF1B52-1EB0-40EC-9923-DC16758EC89C} = {4B300DCB-7732-44F5-9BF4-1F9CFCBF2DA9}
		{A83ADEEC-BE75-4415-82A3-852661E45C19} = {38C241CE-998F-44E0-8E59-60E942F61C99}
		{587BF8FB-E150-49D2-BC67-FE2BD91AD891} = {A83ADEEC-BE75-4415-82A3-852661E45C19}
		{2925E1F7-4391-4473-AE5F-704555838CDD} = {A83ADEEC-BE75-4415-82A3-852661E45C19}
		{3945664F-FE3B-4336-9317-DCE21129B1B5} = {A83ADEEC-BE75-4415-82A3-852661E45C19}
		{DA6123A5-FB0E-41F8-B34E-AD984A67BE59} = {A83ADEEC-BE75-4415-82A3-852661E45C19}
		{1F689B19-E9A1-4A65-BA57-4CD869CBBE42} = {02EA681E-C7D8-13C7-8484-4AC65E1B71E8}
	EndGlobalSection
	GlobalSection(ExtensibilityGlobals) = postSolution
		SolutionGuid = {88E3A823-471E-406B-BCEC-CBC39A0C1142}
	EndGlobalSection
EndGlobal
