
Microsoft Visual Studio Solution File, Format Version 12.00
# Visual Studio Version 17
VisualStudioVersion = 17.11.35208.52
MinimumVisualStudioVersion = 10.0.40219.1
Project("{2150E333-8FDC-42A3-9474-1A3956D46DE8}") = "Services", "Services", "{38C241CE-998F-44E0-8E59-60E942F61C99}"
EndProject
Project("{2150E333-8FDC-42A3-9474-1A3956D46DE8}") = "Catalog", "Catalog", "{F74DF741-B011-4CD2-80DE-6A17CDD46FDE}"
EndProject
Global
	GlobalSection(SolutionProperties) = preSolution
		HideSolutionNode = FALSE
	EndGlobalSection
	GlobalSection(NestedProjects) = preSolution
		{F74DF741-B011-4CD2-80DE-6A17CDD46FDE} = {38C241CE-998F-44E0-8E59-60E942F61C99}
	EndGlobalSection
	GlobalSection(ExtensibilityGlobals) = postSolution
		SolutionGuid = {88E3A823-471E-406B-BCEC-CBC39A0C1142}
	EndGlobalSection
EndGlobal
